
Microsoft Visual Studio Solution File, Format Version 12.00
# Visual Studio Version 17
VisualStudioVersion = 17.2.32630.192
MinimumVisualStudioVersion = 10.0.40219.1
Project("{FAE04EC0-301F-11D3-BF4B-00C04F79EFBC}") = "Hola Nombre", "Hola Nombre.csproj", "{764E8B4F-E218-45E0-BA61-4E5BC4507E3B}"
EndProject
Global
	GlobalSection(SolutionConfigurationPlatforms) = preSolution
		Debug|Any CPU = Debug|Any CPU
		Release|Any CPU = Release|Any CPU
	EndGlobalSection
	GlobalSection(ProjectConfigurationPlatforms) = postSolution
		{764E8B4F-E218-45E0-BA61-4E5BC4507E3B}.Debug|Any CPU.ActiveCfg = Debug|Any CPU
		{764E8B4F-E218-45E0-BA61-4E5BC4507E3B}.Debug|Any CPU.Build.0 = Debug|Any CPU
		{764E8B4F-E218-45E0-BA61-4E5BC4507E3B}.Release|Any CPU.ActiveCfg = Release|Any CPU
		{764E8B4F-E218-45E0-BA61-4E5BC4507E3B}.Release|Any CPU.Build.0 = Release|Any CPU
	EndGlobalSection
	GlobalSection(SolutionProperties) = preSolution
		HideSolutionNode = FALSE
	EndGlobalSection
	GlobalSection(ExtensibilityGlobals) = postSolution
		SolutionGuid = {EB585CEC-1CBC-4D16-8B89-F8786C862AC8}
	EndGlobalSection
EndGlobal
